// !$*UTF8*$!
{
	archiveVersion = 1;
	classes = {
	};
	objectVersion = 50;
	objects = {

/* Begin PBXBuildFile section */
		3B07580B256C660500988D2A /* AppDelegate.swift in Sources */ = {isa = PBXBuildFile; fileRef = 3B07580A256C660500988D2A /* AppDelegate.swift */; };
		3B07580D256C660500988D2A /* SceneDelegate.swift in Sources */ = {isa = PBXBuildFile; fileRef = 3B07580C256C660500988D2A /* SceneDelegate.swift */; };
		3B07580F256C660500988D2A /* ContactTracingViewController.swift in Sources */ = {isa = PBXBuildFile; fileRef = 3B07580E256C660500988D2A /* ContactTracingViewController.swift */; };
		3B075812256C660500988D2A /* Main.storyboard in Resources */ = {isa = PBXBuildFile; fileRef = 3B075810256C660500988D2A /* Main.storyboard */; };
		3B075814256C660600988D2A /* Assets.xcassets in Resources */ = {isa = PBXBuildFile; fileRef = 3B075813256C660600988D2A /* Assets.xcassets */; };
		3B075817256C660600988D2A /* LaunchScreen.storyboard in Resources */ = {isa = PBXBuildFile; fileRef = 3B075815256C660600988D2A /* LaunchScreen.storyboard */; };
		3B075822256C660600988D2A /* ContactTracingTests.swift in Sources */ = {isa = PBXBuildFile; fileRef = 3B075821256C660600988D2A /* ContactTracingTests.swift */; };
		3B07582D256C660600988D2A /* ContactTracingUITests.swift in Sources */ = {isa = PBXBuildFile; fileRef = 3B07582C256C660600988D2A /* ContactTracingUITests.swift */; };
		3B07583E256C6E3200988D2A /* CreateAccountViewController.swift in Sources */ = {isa = PBXBuildFile; fileRef = 3B07583D256C6E3200988D2A /* CreateAccountViewController.swift */; };
		3B075846256C6FBF00988D2A /* HomeViewController.swift in Sources */ = {isa = PBXBuildFile; fileRef = 3B075845256C6FBF00988D2A /* HomeViewController.swift */; };
		3B07584B256C7E0D00988D2A /* LoginViewController.swift in Sources */ = {isa = PBXBuildFile; fileRef = 3B07584A256C7E0D00988D2A /* LoginViewController.swift */; };
		3BADCC5025730A7400EE1702 /* ContactTracingBrain.swift in Sources */ = {isa = PBXBuildFile; fileRef = 3BADCC4F25730A7400EE1702 /* ContactTracingBrain.swift */; };
		3BEC2E592575C5650009C1F6 /* QuarantineBrain.swift in Sources */ = {isa = PBXBuildFile; fileRef = 3BEC2E582575C5650009C1F6 /* QuarantineBrain.swift */; };
		A3DAEA9D2579CACE0085783B /* UserObject.swift in Sources */ = {isa = PBXBuildFile; fileRef = A3DAEA9C2579CACE0085783B /* UserObject.swift */; };
		A3DAEA9F2579CD240085783B /* DataModelServices.swift in Sources */ = {isa = PBXBuildFile; fileRef = A3DAEA9E2579CD240085783B /* DataModelServices.swift */; };
		A3DAEAA3257EEFC10085783B /* LocationObject.swift in Sources */ = {isa = PBXBuildFile; fileRef = A3DAEAA2257EEFC10085783B /* LocationObject.swift */; };
/* End PBXBuildFile section */

/* Begin PBXContainerItemProxy section */
		3B07581E256C660600988D2A /* PBXContainerItemProxy */ = {
			isa = PBXContainerItemProxy;
			containerPortal = 3B0757FF256C660500988D2A /* Project object */;
			proxyType = 1;
			remoteGlobalIDString = 3B075806256C660500988D2A;
			remoteInfo = ContactTracing;
		};
		3B075829256C660600988D2A /* PBXContainerItemProxy */ = {
			isa = PBXContainerItemProxy;
			containerPortal = 3B0757FF256C660500988D2A /* Project object */;
			proxyType = 1;
			remoteGlobalIDString = 3B075806256C660500988D2A;
			remoteInfo = ContactTracing;
		};
/* End PBXContainerItemProxy section */

/* Begin PBXFileReference section */
		3B075807256C660500988D2A /* ContactTracing.app */ = {isa = PBXFileReference; explicitFileType = wrapper.application; includeInIndex = 0; path = ContactTracing.app; sourceTree = BUILT_PRODUCTS_DIR; };
		3B07580A256C660500988D2A /* AppDelegate.swift */ = {isa = PBXFileReference; lastKnownFileType = sourcecode.swift; path = AppDelegate.swift; sourceTree = "<group>"; };
		3B07580C256C660500988D2A /* SceneDelegate.swift */ = {isa = PBXFileReference; lastKnownFileType = sourcecode.swift; path = SceneDelegate.swift; sourceTree = "<group>"; };
		3B07580E256C660500988D2A /* ContactTracingViewController.swift */ = {isa = PBXFileReference; lastKnownFileType = sourcecode.swift; path = ContactTracingViewController.swift; sourceTree = "<group>"; };
		3B075811256C660500988D2A /* Base */ = {isa = PBXFileReference; lastKnownFileType = file.storyboard; name = Base; path = Base.lproj/Main.storyboard; sourceTree = "<group>"; };
		3B075813256C660600988D2A /* Assets.xcassets */ = {isa = PBXFileReference; lastKnownFileType = folder.assetcatalog; path = Assets.xcassets; sourceTree = "<group>"; };
		3B075816256C660600988D2A /* Base */ = {isa = PBXFileReference; lastKnownFileType = file.storyboard; name = Base; path = Base.lproj/LaunchScreen.storyboard; sourceTree = "<group>"; };
		3B075818256C660600988D2A /* Info.plist */ = {isa = PBXFileReference; lastKnownFileType = text.plist.xml; path = Info.plist; sourceTree = "<group>"; };
		3B07581D256C660600988D2A /* ContactTracingTests.xctest */ = {isa = PBXFileReference; explicitFileType = wrapper.cfbundle; includeInIndex = 0; path = ContactTracingTests.xctest; sourceTree = BUILT_PRODUCTS_DIR; };
		3B075821256C660600988D2A /* ContactTracingTests.swift */ = {isa = PBXFileReference; lastKnownFileType = sourcecode.swift; path = ContactTracingTests.swift; sourceTree = "<group>"; };
		3B075823256C660600988D2A /* Info.plist */ = {isa = PBXFileReference; lastKnownFileType = text.plist.xml; path = Info.plist; sourceTree = "<group>"; };
		3B075828256C660600988D2A /* ContactTracingUITests.xctest */ = {isa = PBXFileReference; explicitFileType = wrapper.cfbundle; includeInIndex = 0; path = ContactTracingUITests.xctest; sourceTree = BUILT_PRODUCTS_DIR; };
		3B07582C256C660600988D2A /* ContactTracingUITests.swift */ = {isa = PBXFileReference; lastKnownFileType = sourcecode.swift; path = ContactTracingUITests.swift; sourceTree = "<group>"; };
		3B07582E256C660600988D2A /* Info.plist */ = {isa = PBXFileReference; lastKnownFileType = text.plist.xml; path = Info.plist; sourceTree = "<group>"; };
		3B07583D256C6E3200988D2A /* CreateAccountViewController.swift */ = {isa = PBXFileReference; lastKnownFileType = sourcecode.swift; path = CreateAccountViewController.swift; sourceTree = "<group>"; };
		3B075845256C6FBF00988D2A /* HomeViewController.swift */ = {isa = PBXFileReference; lastKnownFileType = sourcecode.swift; path = HomeViewController.swift; sourceTree = "<group>"; };
		3B07584A256C7E0D00988D2A /* LoginViewController.swift */ = {isa = PBXFileReference; lastKnownFileType = sourcecode.swift; path = LoginViewController.swift; sourceTree = "<group>"; };
		3BADCC4F25730A7400EE1702 /* ContactTracingBrain.swift */ = {isa = PBXFileReference; lastKnownFileType = sourcecode.swift; path = ContactTracingBrain.swift; sourceTree = "<group>"; };
		3BEC2E582575C5650009C1F6 /* QuarantineBrain.swift */ = {isa = PBXFileReference; lastKnownFileType = sourcecode.swift; path = QuarantineBrain.swift; sourceTree = "<group>"; };
		3C7FBD9925773C7000FF9066 /* ContactTracing.entitlements */ = {isa = PBXFileReference; lastKnownFileType = text.plist.entitlements; path = ContactTracing.entitlements; sourceTree = "<group>"; };
		A3DAEA9C2579CACE0085783B /* UserObject.swift */ = {isa = PBXFileReference; lastKnownFileType = sourcecode.swift; path = UserObject.swift; sourceTree = "<group>"; };
		A3DAEA9E2579CD240085783B /* DataModelServices.swift */ = {isa = PBXFileReference; lastKnownFileType = sourcecode.swift; path = DataModelServices.swift; sourceTree = "<group>"; };
		A3DAEAA2257EEFC10085783B /* LocationObject.swift */ = {isa = PBXFileReference; lastKnownFileType = sourcecode.swift; path = LocationObject.swift; sourceTree = "<group>"; };
/* End PBXFileReference section */

/* Begin PBXFrameworksBuildPhase section */
		3B075804256C660500988D2A /* Frameworks */ = {
			isa = PBXFrameworksBuildPhase;
			buildActionMask = 2147483647;
			files = (
			);
			runOnlyForDeploymentPostprocessing = 0;
		};
		3B07581A256C660600988D2A /* Frameworks */ = {
			isa = PBXFrameworksBuildPhase;
			buildActionMask = 2147483647;
			files = (
			);
			runOnlyForDeploymentPostprocessing = 0;
		};
		3B075825256C660600988D2A /* Frameworks */ = {
			isa = PBXFrameworksBuildPhase;
			buildActionMask = 2147483647;
			files = (
			);
			runOnlyForDeploymentPostprocessing = 0;
		};
/* End PBXFrameworksBuildPhase section */

/* Begin PBXGroup section */
		3B0757FE256C660500988D2A = {
			isa = PBXGroup;
			children = (
				3BEC2E602575CE210009C1F6 /* View */,
				3BEC2E5F2575C5BE0009C1F6 /* ViewControllers */,
				3BEC2E5E2575C5A90009C1F6 /* Model */,
				3B075809256C660500988D2A /* ContactTracing */,
				3B075820256C660600988D2A /* ContactTracingTests */,
				3B07582B256C660600988D2A /* ContactTracingUITests */,
				3B075808256C660500988D2A /* Products */,
			);
			sourceTree = "<group>";
		};
		3B075808256C660500988D2A /* Products */ = {
			isa = PBXGroup;
			children = (
				3B075807256C660500988D2A /* ContactTracing.app */,
				3B07581D256C660600988D2A /* ContactTracingTests.xctest */,
				3B075828256C660600988D2A /* ContactTracingUITests.xctest */,
			);
			name = Products;
			sourceTree = "<group>";
		};
		3B075809256C660500988D2A /* ContactTracing */ = {
			isa = PBXGroup;
			children = (
				3C7FBD9925773C7000FF9066 /* ContactTracing.entitlements */,
				3B07580A256C660500988D2A /* AppDelegate.swift */,
				3B07580C256C660500988D2A /* SceneDelegate.swift */,
				3B075813256C660600988D2A /* Assets.xcassets */,
				3B075815256C660600988D2A /* LaunchScreen.storyboard */,
				3B075818256C660600988D2A /* Info.plist */,
			);
			path = ContactTracing;
			sourceTree = "<group>";
		};
		3B075820256C660600988D2A /* ContactTracingTests */ = {
			isa = PBXGroup;
			children = (
				3B075821256C660600988D2A /* ContactTracingTests.swift */,
				3B075823256C660600988D2A /* Info.plist */,
			);
			path = ContactTracingTests;
			sourceTree = "<group>";
		};
		3B07582B256C660600988D2A /* ContactTracingUITests */ = {
			isa = PBXGroup;
			children = (
				3B07582C256C660600988D2A /* ContactTracingUITests.swift */,
				3B07582E256C660600988D2A /* Info.plist */,
			);
			path = ContactTracingUITests;
			sourceTree = "<group>";
		};
		3BEC2E5E2575C5A90009C1F6 /* Model */ = {
			isa = PBXGroup;
			children = (
				3BEC2E582575C5650009C1F6 /* QuarantineBrain.swift */,
				3BADCC4F25730A7400EE1702 /* ContactTracingBrain.swift */,
				A3DAEA9C2579CACE0085783B /* UserObject.swift */,
				A3DAEA9E2579CD240085783B /* DataModelServices.swift */,
				A3DAEAA2257EEFC10085783B /* LocationObject.swift */,
			);
			path = Model;
			sourceTree = "<group>";
		};
		3BEC2E5F2575C5BE0009C1F6 /* ViewControllers */ = {
			isa = PBXGroup;
			children = (
				3B07580E256C660500988D2A /* ContactTracingViewController.swift */,
				3B07584A256C7E0D00988D2A /* LoginViewController.swift */,
				3B07583D256C6E3200988D2A /* CreateAccountViewController.swift */,
				3B075845256C6FBF00988D2A /* HomeViewController.swift */,
			);
			path = ViewControllers;
			sourceTree = "<group>";
		};
		3BEC2E602575CE210009C1F6 /* View */ = {
			isa = PBXGroup;
			children = (
				3B075810256C660500988D2A /* Main.storyboard */,
			);
			path = View;
			sourceTree = "<group>";
		};
/* End PBXGroup section */

/* Begin PBXNativeTarget section */
		3B075806256C660500988D2A /* ContactTracing */ = {
			isa = PBXNativeTarget;
			buildConfigurationList = 3B075831256C660600988D2A /* Build configuration list for PBXNativeTarget "ContactTracing" */;
			buildPhases = (
				3B075803256C660500988D2A /* Sources */,
				3B075804256C660500988D2A /* Frameworks */,
				3B075805256C660500988D2A /* Resources */,
			);
			buildRules = (
			);
			dependencies = (
			);
			name = ContactTracing;
			productName = ContactTracing;
			productReference = 3B075807256C660500988D2A /* ContactTracing.app */;
			productType = "com.apple.product-type.application";
		};
		3B07581C256C660600988D2A /* ContactTracingTests */ = {
			isa = PBXNativeTarget;
			buildConfigurationList = 3B075834256C660600988D2A /* Build configuration list for PBXNativeTarget "ContactTracingTests" */;
			buildPhases = (
				3B075819256C660600988D2A /* Sources */,
				3B07581A256C660600988D2A /* Frameworks */,
				3B07581B256C660600988D2A /* Resources */,
			);
			buildRules = (
			);
			dependencies = (
				3B07581F256C660600988D2A /* PBXTargetDependency */,
			);
			name = ContactTracingTests;
			productName = ContactTracingTests;
			productReference = 3B07581D256C660600988D2A /* ContactTracingTests.xctest */;
			productType = "com.apple.product-type.bundle.unit-test";
		};
		3B075827256C660600988D2A /* ContactTracingUITests */ = {
			isa = PBXNativeTarget;
			buildConfigurationList = 3B075837256C660600988D2A /* Build configuration list for PBXNativeTarget "ContactTracingUITests" */;
			buildPhases = (
				3B075824256C660600988D2A /* Sources */,
				3B075825256C660600988D2A /* Frameworks */,
				3B075826256C660600988D2A /* Resources */,
			);
			buildRules = (
			);
			dependencies = (
				3B07582A256C660600988D2A /* PBXTargetDependency */,
			);
			name = ContactTracingUITests;
			productName = ContactTracingUITests;
			productReference = 3B075828256C660600988D2A /* ContactTracingUITests.xctest */;
			productType = "com.apple.product-type.bundle.ui-testing";
		};
/* End PBXNativeTarget section */

/* Begin PBXProject section */
		3B0757FF256C660500988D2A /* Project object */ = {
			isa = PBXProject;
			attributes = {
				LastSwiftUpdateCheck = 1220;
				LastUpgradeCheck = 1220;
				TargetAttributes = {
					3B075806256C660500988D2A = {
						CreatedOnToolsVersion = 12.2;
					};
					3B07581C256C660600988D2A = {
						CreatedOnToolsVersion = 12.2;
						TestTargetID = 3B075806256C660500988D2A;
					};
					3B075827256C660600988D2A = {
						CreatedOnToolsVersion = 12.2;
						TestTargetID = 3B075806256C660500988D2A;
					};
				};
			};
			buildConfigurationList = 3B075802256C660500988D2A /* Build configuration list for PBXProject "ContactTracing" */;
			compatibilityVersion = "Xcode 9.3";
			developmentRegion = en;
			hasScannedForEncodings = 0;
			knownRegions = (
				en,
				Base,
			);
			mainGroup = 3B0757FE256C660500988D2A;
			productRefGroup = 3B075808256C660500988D2A /* Products */;
			projectDirPath = "";
			projectRoot = "";
			targets = (
				3B075806256C660500988D2A /* ContactTracing */,
				3B07581C256C660600988D2A /* ContactTracingTests */,
				3B075827256C660600988D2A /* ContactTracingUITests */,
			);
		};
/* End PBXProject section */

/* Begin PBXResourcesBuildPhase section */
		3B075805256C660500988D2A /* Resources */ = {
			isa = PBXResourcesBuildPhase;
			buildActionMask = 2147483647;
			files = (
				3B075817256C660600988D2A /* LaunchScreen.storyboard in Resources */,
				3B075814256C660600988D2A /* Assets.xcassets in Resources */,
				3B075812256C660500988D2A /* Main.storyboard in Resources */,
			);
			runOnlyForDeploymentPostprocessing = 0;
		};
		3B07581B256C660600988D2A /* Resources */ = {
			isa = PBXResourcesBuildPhase;
			buildActionMask = 2147483647;
			files = (
			);
			runOnlyForDeploymentPostprocessing = 0;
		};
		3B075826256C660600988D2A /* Resources */ = {
			isa = PBXResourcesBuildPhase;
			buildActionMask = 2147483647;
			files = (
			);
			runOnlyForDeploymentPostprocessing = 0;
		};
/* End PBXResourcesBuildPhase section */

/* Begin PBXSourcesBuildPhase section */
		3B075803256C660500988D2A /* Sources */ = {
			isa = PBXSourcesBuildPhase;
			buildActionMask = 2147483647;
			files = (
				3B07584B256C7E0D00988D2A /* LoginViewController.swift in Sources */,
				3B075846256C6FBF00988D2A /* HomeViewController.swift in Sources */,
				A3DAEA9D2579CACE0085783B /* UserObject.swift in Sources */,
				3BADCC5025730A7400EE1702 /* ContactTracingBrain.swift in Sources */,
				3B07583E256C6E3200988D2A /* CreateAccountViewController.swift in Sources */,
				3BEC2E592575C5650009C1F6 /* QuarantineBrain.swift in Sources */,
				3B07580F256C660500988D2A /* ContactTracingViewController.swift in Sources */,
				A3DAEAA3257EEFC10085783B /* LocationObject.swift in Sources */,
				3B07580B256C660500988D2A /* AppDelegate.swift in Sources */,
				3B07580D256C660500988D2A /* SceneDelegate.swift in Sources */,
				A3DAEA9F2579CD240085783B /* DataModelServices.swift in Sources */,
			);
			runOnlyForDeploymentPostprocessing = 0;
		};
		3B075819256C660600988D2A /* Sources */ = {
			isa = PBXSourcesBuildPhase;
			buildActionMask = 2147483647;
			files = (
				3B075822256C660600988D2A /* ContactTracingTests.swift in Sources */,
			);
			runOnlyForDeploymentPostprocessing = 0;
		};
		3B075824256C660600988D2A /* Sources */ = {
			isa = PBXSourcesBuildPhase;
			buildActionMask = 2147483647;
			files = (
				3B07582D256C660600988D2A /* ContactTracingUITests.swift in Sources */,
			);
			runOnlyForDeploymentPostprocessing = 0;
		};
/* End PBXSourcesBuildPhase section */

/* Begin PBXTargetDependency section */
		3B07581F256C660600988D2A /* PBXTargetDependency */ = {
			isa = PBXTargetDependency;
			target = 3B075806256C660500988D2A /* ContactTracing */;
			targetProxy = 3B07581E256C660600988D2A /* PBXContainerItemProxy */;
		};
		3B07582A256C660600988D2A /* PBXTargetDependency */ = {
			isa = PBXTargetDependency;
			target = 3B075806256C660500988D2A /* ContactTracing */;
			targetProxy = 3B075829256C660600988D2A /* PBXContainerItemProxy */;
		};
/* End PBXTargetDependency section */

/* Begin PBXVariantGroup section */
		3B075810256C660500988D2A /* Main.storyboard */ = {
			isa = PBXVariantGroup;
			children = (
				3B075811256C660500988D2A /* Base */,
			);
			name = Main.storyboard;
			sourceTree = "<group>";
		};
		3B075815256C660600988D2A /* LaunchScreen.storyboard */ = {
			isa = PBXVariantGroup;
			children = (
				3B075816256C660600988D2A /* Base */,
			);
			name = LaunchScreen.storyboard;
			sourceTree = "<group>";
		};
/* End PBXVariantGroup section */

/* Begin XCBuildConfiguration section */
		3B07582F256C660600988D2A /* Debug */ = {
			isa = XCBuildConfiguration;
			buildSettings = {
				ALWAYS_SEARCH_USER_PATHS = NO;
				CLANG_ANALYZER_NONNULL = YES;
				CLANG_ANALYZER_NUMBER_OBJECT_CONVERSION = YES_AGGRESSIVE;
				CLANG_CXX_LANGUAGE_STANDARD = "gnu++14";
				CLANG_CXX_LIBRARY = "libc++";
				CLANG_ENABLE_MODULES = YES;
				CLANG_ENABLE_OBJC_ARC = YES;
				CLANG_ENABLE_OBJC_WEAK = YES;
				CLANG_WARN_BLOCK_CAPTURE_AUTORELEASING = YES;
				CLANG_WARN_BOOL_CONVERSION = YES;
				CLANG_WARN_COMMA = YES;
				CLANG_WARN_CONSTANT_CONVERSION = YES;
				CLANG_WARN_DEPRECATED_OBJC_IMPLEMENTATIONS = YES;
				CLANG_WARN_DIRECT_OBJC_ISA_USAGE = YES_ERROR;
				CLANG_WARN_DOCUMENTATION_COMMENTS = YES;
				CLANG_WARN_EMPTY_BODY = YES;
				CLANG_WARN_ENUM_CONVERSION = YES;
				CLANG_WARN_INFINITE_RECURSION = YES;
				CLANG_WARN_INT_CONVERSION = YES;
				CLANG_WARN_NON_LITERAL_NULL_CONVERSION = YES;
				CLANG_WARN_OBJC_IMPLICIT_RETAIN_SELF = YES;
				CLANG_WARN_OBJC_LITERAL_CONVERSION = YES;
				CLANG_WARN_OBJC_ROOT_CLASS = YES_ERROR;
				CLANG_WARN_QUOTED_INCLUDE_IN_FRAMEWORK_HEADER = YES;
				CLANG_WARN_RANGE_LOOP_ANALYSIS = YES;
				CLANG_WARN_STRICT_PROTOTYPES = YES;
				CLANG_WARN_SUSPICIOUS_MOVE = YES;
				CLANG_WARN_UNGUARDED_AVAILABILITY = YES_AGGRESSIVE;
				CLANG_WARN_UNREACHABLE_CODE = YES;
				CLANG_WARN__DUPLICATE_METHOD_MATCH = YES;
				COPY_PHASE_STRIP = NO;
				DEBUG_INFORMATION_FORMAT = dwarf;
				ENABLE_STRICT_OBJC_MSGSEND = YES;
				ENABLE_TESTABILITY = YES;
				GCC_C_LANGUAGE_STANDARD = gnu11;
				GCC_DYNAMIC_NO_PIC = NO;
				GCC_NO_COMMON_BLOCKS = YES;
				GCC_OPTIMIZATION_LEVEL = 0;
				GCC_PREPROCESSOR_DEFINITIONS = (
					"DEBUG=1",
					"$(inherited)",
				);
				GCC_WARN_64_TO_32_BIT_CONVERSION = YES;
				GCC_WARN_ABOUT_RETURN_TYPE = YES_ERROR;
				GCC_WARN_UNDECLARED_SELECTOR = YES;
				GCC_WARN_UNINITIALIZED_AUTOS = YES_AGGRESSIVE;
				GCC_WARN_UNUSED_FUNCTION = YES;
				GCC_WARN_UNUSED_VARIABLE = YES;
				IPHONEOS_DEPLOYMENT_TARGET = 14.2;
				MTL_ENABLE_DEBUG_INFO = INCLUDE_SOURCE;
				MTL_FAST_MATH = YES;
				ONLY_ACTIVE_ARCH = YES;
				SDKROOT = iphoneos;
				SWIFT_ACTIVE_COMPILATION_CONDITIONS = DEBUG;
				SWIFT_OPTIMIZATION_LEVEL = "-Onone";
			};
			name = Debug;
		};
		3B075830256C660600988D2A /* Release */ = {
			isa = XCBuildConfiguration;
			buildSettings = {
				ALWAYS_SEARCH_USER_PATHS = NO;
				CLANG_ANALYZER_NONNULL = YES;
				CLANG_ANALYZER_NUMBER_OBJECT_CONVERSION = YES_AGGRESSIVE;
				CLANG_CXX_LANGUAGE_STANDARD = "gnu++14";
				CLANG_CXX_LIBRARY = "libc++";
				CLANG_ENABLE_MODULES = YES;
				CLANG_ENABLE_OBJC_ARC = YES;
				CLANG_ENABLE_OBJC_WEAK = YES;
				CLANG_WARN_BLOCK_CAPTURE_AUTORELEASING = YES;
				CLANG_WARN_BOOL_CONVERSION = YES;
				CLANG_WARN_COMMA = YES;
				CLANG_WARN_CONSTANT_CONVERSION = YES;
				CLANG_WARN_DEPRECATED_OBJC_IMPLEMENTATIONS = YES;
				CLANG_WARN_DIRECT_OBJC_ISA_USAGE = YES_ERROR;
				CLANG_WARN_DOCUMENTATION_COMMENTS = YES;
				CLANG_WARN_EMPTY_BODY = YES;
				CLANG_WARN_ENUM_CONVERSION = YES;
				CLANG_WARN_INFINITE_RECURSION = YES;
				CLANG_WARN_INT_CONVERSION = YES;
				CLANG_WARN_NON_LITERAL_NULL_CONVERSION = YES;
				CLANG_WARN_OBJC_IMPLICIT_RETAIN_SELF = YES;
				CLANG_WARN_OBJC_LITERAL_CONVERSION = YES;
				CLANG_WARN_OBJC_ROOT_CLASS = YES_ERROR;
				CLANG_WARN_QUOTED_INCLUDE_IN_FRAMEWORK_HEADER = YES;
				CLANG_WARN_RANGE_LOOP_ANALYSIS = YES;
				CLANG_WARN_STRICT_PROTOTYPES = YES;
				CLANG_WARN_SUSPICIOUS_MOVE = YES;
				CLANG_WARN_UNGUARDED_AVAILABILITY = YES_AGGRESSIVE;
				CLANG_WARN_UNREACHABLE_CODE = YES;
				CLANG_WARN__DUPLICATE_METHOD_MATCH = YES;
				COPY_PHASE_STRIP = NO;
				DEBUG_INFORMATION_FORMAT = "dwarf-with-dsym";
				ENABLE_NS_ASSERTIONS = NO;
				ENABLE_STRICT_OBJC_MSGSEND = YES;
				GCC_C_LANGUAGE_STANDARD = gnu11;
				GCC_NO_COMMON_BLOCKS = YES;
				GCC_WARN_64_TO_32_BIT_CONVERSION = YES;
				GCC_WARN_ABOUT_RETURN_TYPE = YES_ERROR;
				GCC_WARN_UNDECLARED_SELECTOR = YES;
				GCC_WARN_UNINITIALIZED_AUTOS = YES_AGGRESSIVE;
				GCC_WARN_UNUSED_FUNCTION = YES;
				GCC_WARN_UNUSED_VARIABLE = YES;
				IPHONEOS_DEPLOYMENT_TARGET = 14.2;
				MTL_ENABLE_DEBUG_INFO = NO;
				MTL_FAST_MATH = YES;
				SDKROOT = iphoneos;
				SWIFT_COMPILATION_MODE = wholemodule;
				SWIFT_OPTIMIZATION_LEVEL = "-O";
				VALIDATE_PRODUCT = YES;
			};
			name = Release;
		};
		3B075832256C660600988D2A /* Debug */ = {
			isa = XCBuildConfiguration;
			buildSettings = {
				ASSETCATALOG_COMPILER_APPICON_NAME = AppIcon;
				ASSETCATALOG_COMPILER_GLOBAL_ACCENT_COLOR_NAME = AccentColor;
				CODE_SIGN_ENTITLEMENTS = ContactTracing/ContactTracing.entitlements;
				CODE_SIGN_STYLE = Automatic;
				DEVELOPMENT_TEAM = W7H8D6BF3X;
				INFOPLIST_FILE = ContactTracing/Info.plist;
				LD_RUNPATH_SEARCH_PATHS = (
					"$(inherited)",
					"@executable_path/Frameworks",
				);
				PRODUCT_BUNDLE_IDENTIFIER = jfinaldi.sfsu.ContactTracing;
				PRODUCT_NAME = "$(TARGET_NAME)";
				SWIFT_VERSION = 5.0;
				TARGETED_DEVICE_FAMILY = "1,2";
			};
			name = Debug;
		};
		3B075833256C660600988D2A /* Release */ = {
			isa = XCBuildConfiguration;
			buildSettings = {
				ASSETCATALOG_COMPILER_APPICON_NAME = AppIcon;
				ASSETCATALOG_COMPILER_GLOBAL_ACCENT_COLOR_NAME = AccentColor;
				CODE_SIGN_ENTITLEMENTS = ContactTracing/ContactTracing.entitlements;
				CODE_SIGN_STYLE = Automatic;
				DEVELOPMENT_TEAM = W7H8D6BF3X;
				INFOPLIST_FILE = ContactTracing/Info.plist;
				LD_RUNPATH_SEARCH_PATHS = (
					"$(inherited)",
					"@executable_path/Frameworks",
				);
				PRODUCT_BUNDLE_IDENTIFIER = jfinaldi.sfsu.ContactTracing;
				PRODUCT_NAME = "$(TARGET_NAME)";
				SWIFT_VERSION = 5.0;
				TARGETED_DEVICE_FAMILY = "1,2";
			};
			name = Release;
		};
		3B075835256C660600988D2A /* Debug */ = {
			isa = XCBuildConfiguration;
			buildSettings = {
				ALWAYS_EMBED_SWIFT_STANDARD_LIBRARIES = YES;
				BUNDLE_LOADER = "$(TEST_HOST)";
				CODE_SIGN_STYLE = Automatic;
				INFOPLIST_FILE = ContactTracingTests/Info.plist;
				IPHONEOS_DEPLOYMENT_TARGET = 14.2;
				LD_RUNPATH_SEARCH_PATHS = (
					"$(inherited)",
					"@executable_path/Frameworks",
					"@loader_path/Frameworks",
				);
				PRODUCT_BUNDLE_IDENTIFIER = jfinaldi.sfsu.ContactTracingTests;
				PRODUCT_NAME = "$(TARGET_NAME)";
				SWIFT_VERSION = 5.0;
				TARGETED_DEVICE_FAMILY = "1,2";
				TEST_HOST = "$(BUILT_PRODUCTS_DIR)/ContactTracing.app/ContactTracing";
			};
			name = Debug;
		};
		3B075836256C660600988D2A /* Release */ = {
			isa = XCBuildConfiguration;
			buildSettings = {
				ALWAYS_EMBED_SWIFT_STANDARD_LIBRARIES = YES;
				BUNDLE_LOADER = "$(TEST_HOST)";
				CODE_SIGN_STYLE = Automatic;
				INFOPLIST_FILE = ContactTracingTests/Info.plist;
				IPHONEOS_DEPLOYMENT_TARGET = 14.2;
				LD_RUNPATH_SEARCH_PATHS = (
					"$(inherited)",
					"@executable_path/Frameworks",
					"@loader_path/Frameworks",
				);
				PRODUCT_BUNDLE_IDENTIFIER = jfinaldi.sfsu.ContactTracingTests;
				PRODUCT_NAME = "$(TARGET_NAME)";
				SWIFT_VERSION = 5.0;
				TARGETED_DEVICE_FAMILY = "1,2";
				TEST_HOST = "$(BUILT_PRODUCTS_DIR)/ContactTracing.app/ContactTracing";
			};
			name = Release;
		};
		3B075838256C660600988D2A /* Debug */ = {
			isa = XCBuildConfiguration;
			buildSettings = {
				ALWAYS_EMBED_SWIFT_STANDARD_LIBRARIES = YES;
				CODE_SIGN_STYLE = Automatic;
				INFOPLIST_FILE = ContactTracingUITests/Info.plist;
				LD_RUNPATH_SEARCH_PATHS = (
					"$(inherited)",
					"@executable_path/Frameworks",
					"@loader_path/Frameworks",
				);
				PRODUCT_BUNDLE_IDENTIFIER = jfinaldi.sfsu.ContactTracingUITests;
				PRODUCT_NAME = "$(TARGET_NAME)";
				SWIFT_VERSION = 5.0;
				TARGETED_DEVICE_FAMILY = "1,2";
				TEST_TARGET_NAME = ContactTracing;
			};
			name = Debug;
		};
		3B075839256C660600988D2A /* Release */ = {
			isa = XCBuildConfiguration;
			buildSettings = {
				ALWAYS_EMBED_SWIFT_STANDARD_LIBRARIES = YES;
				CODE_SIGN_STYLE = Automatic;
				INFOPLIST_FILE = ContactTracingUITests/Info.plist;
				LD_RUNPATH_SEARCH_PATHS = (
					"$(inherited)",
					"@executable_path/Frameworks",
					"@loader_path/Frameworks",
				);
				PRODUCT_BUNDLE_IDENTIFIER = jfinaldi.sfsu.ContactTracingUITests;
				PRODUCT_NAME = "$(TARGET_NAME)";
				SWIFT_VERSION = 5.0;
				TARGETED_DEVICE_FAMILY = "1,2";
				TEST_TARGET_NAME = ContactTracing;
			};
			name = Release;
		};
/* End XCBuildConfiguration section */

/* Begin XCConfigurationList section */
		3B075802256C660500988D2A /* Build configuration list for PBXProject "ContactTracing" */ = {
			isa = XCConfigurationList;
			buildConfigurations = (
				3B07582F256C660600988D2A /* Debug */,
				3B075830256C660600988D2A /* Release */,
			);
			defaultConfigurationIsVisible = 0;
			defaultConfigurationName = Release;
		};
		3B075831256C660600988D2A /* Build configuration list for PBXNativeTarget "ContactTracing" */ = {
			isa = XCConfigurationList;
			buildConfigurations = (
				3B075832256C660600988D2A /* Debug */,
				3B075833256C660600988D2A /* Release */,
			);
			defaultConfigurationIsVisible = 0;
			defaultConfigurationName = Release;
		};
		3B075834256C660600988D2A /* Build configuration list for PBXNativeTarget "ContactTracingTests" */ = {
			isa = XCConfigurationList;
			buildConfigurations = (
				3B075835256C660600988D2A /* Debug */,
				3B075836256C660600988D2A /* Release */,
			);
			defaultConfigurationIsVisible = 0;
			defaultConfigurationName = Release;
		};
		3B075837256C660600988D2A /* Build configuration list for PBXNativeTarget "ContactTracingUITests" */ = {
			isa = XCConfigurationList;
			buildConfigurations = (
				3B075838256C660600988D2A /* Debug */,
				3B075839256C660600988D2A /* Release */,
			);
			defaultConfigurationIsVisible = 0;
			defaultConfigurationName = Release;
		};
/* End XCConfigurationList section */
	};
	rootObject = 3B0757FF256C660500988D2A /* Project object */;
}
